
Microsoft Visual Studio Solution File, Format Version 12.00
# Visual Studio 15
VisualStudioVersion = 15.0.26124.0
MinimumVisualStudioVersion = 15.0.26124.0
Project("{FAE04EC0-301F-11D3-BF4B-00C04F79EFBC}") = "ORA.Tracker", "ORA.Tracker\ORA.Tracker.csproj", "{839A417A-DEF4-455B-883F-CBB25DDB8096}"
EndProject
Project("{2150E333-8FDC-42A3-9474-1A3956D46DE8}") = "ORA.Tracker.Tests", "ORA.Tracker.Tests", "{955F0178-F23B-42D1-BDAF-6D0A311586FE}"
EndProject
Project("{FAE04EC0-301F-11D3-BF4B-00C04F79EFBC}") = "ORA.Tracker.Tests.Unit", "ORA.Tracker.Tests\Unit\ORA.Tracker.Tests.Unit.csproj", "{94760BE3-5885-4DE6-BB50-1E29AA2A0D94}"
EndProject
Project("{FAE04EC0-301F-11D3-BF4B-00C04F79EFBC}") = "ORA.Tracker.Tests.Integration", "ORA.Tracker.Tests\Integration\ORA.Tracker.Tests.Integration.csproj", "{B97E1F7B-793B-4430-8586-7B10FFAED1FC}"
EndProject
Global
	GlobalSection(SolutionConfigurationPlatforms) = preSolution
		Debug|Any CPU = Debug|Any CPU
		Debug|x64 = Debug|x64
		Debug|x86 = Debug|x86
		Release|Any CPU = Release|Any CPU
		Release|x64 = Release|x64
		Release|x86 = Release|x86
	EndGlobalSection
	GlobalSection(SolutionProperties) = preSolution
		HideSolutionNode = FALSE
	EndGlobalSection
	GlobalSection(ProjectConfigurationPlatforms) = postSolution
		{839A417A-DEF4-455B-883F-CBB25DDB8096}.Debug|Any CPU.ActiveCfg = Debug|Any CPU
		{839A417A-DEF4-455B-883F-CBB25DDB8096}.Debug|Any CPU.Build.0 = Debug|Any CPU
		{839A417A-DEF4-455B-883F-CBB25DDB8096}.Debug|x64.ActiveCfg = Debug|Any CPU
		{839A417A-DEF4-455B-883F-CBB25DDB8096}.Debug|x64.Build.0 = Debug|Any CPU
		{839A417A-DEF4-455B-883F-CBB25DDB8096}.Debug|x86.ActiveCfg = Debug|Any CPU
		{839A417A-DEF4-455B-883F-CBB25DDB8096}.Debug|x86.Build.0 = Debug|Any CPU
		{839A417A-DEF4-455B-883F-CBB25DDB8096}.Release|Any CPU.ActiveCfg = Release|Any CPU
		{839A417A-DEF4-455B-883F-CBB25DDB8096}.Release|Any CPU.Build.0 = Release|Any CPU
		{839A417A-DEF4-455B-883F-CBB25DDB8096}.Release|x64.ActiveCfg = Release|Any CPU
		{839A417A-DEF4-455B-883F-CBB25DDB8096}.Release|x64.Build.0 = Release|Any CPU
		{839A417A-DEF4-455B-883F-CBB25DDB8096}.Release|x86.ActiveCfg = Release|Any CPU
		{839A417A-DEF4-455B-883F-CBB25DDB8096}.Release|x86.Build.0 = Release|Any CPU
		{94760BE3-5885-4DE6-BB50-1E29AA2A0D94}.Debug|Any CPU.ActiveCfg = Debug|Any CPU
		{94760BE3-5885-4DE6-BB50-1E29AA2A0D94}.Debug|Any CPU.Build.0 = Debug|Any CPU
		{94760BE3-5885-4DE6-BB50-1E29AA2A0D94}.Debug|x64.ActiveCfg = Debug|Any CPU
		{94760BE3-5885-4DE6-BB50-1E29AA2A0D94}.Debug|x64.Build.0 = Debug|Any CPU
		{94760BE3-5885-4DE6-BB50-1E29AA2A0D94}.Debug|x86.ActiveCfg = Debug|Any CPU
		{94760BE3-5885-4DE6-BB50-1E29AA2A0D94}.Debug|x86.Build.0 = Debug|Any CPU
		{94760BE3-5885-4DE6-BB50-1E29AA2A0D94}.Release|Any CPU.ActiveCfg = Release|Any CPU
		{94760BE3-5885-4DE6-BB50-1E29AA2A0D94}.Release|Any CPU.Build.0 = Release|Any CPU
		{94760BE3-5885-4DE6-BB50-1E29AA2A0D94}.Release|x64.ActiveCfg = Release|Any CPU
		{94760BE3-5885-4DE6-BB50-1E29AA2A0D94}.Release|x64.Build.0 = Release|Any CPU
		{94760BE3-5885-4DE6-BB50-1E29AA2A0D94}.Release|x86.ActiveCfg = Release|Any CPU
		{94760BE3-5885-4DE6-BB50-1E29AA2A0D94}.Release|x86.Build.0 = Release|Any CPU
		{B97E1F7B-793B-4430-8586-7B10FFAED1FC}.Debug|Any CPU.ActiveCfg = Debug|Any CPU
		{B97E1F7B-793B-4430-8586-7B10FFAED1FC}.Debug|Any CPU.Build.0 = Debug|Any CPU
		{B97E1F7B-793B-4430-8586-7B10FFAED1FC}.Debug|x64.ActiveCfg = Debug|Any CPU
		{B97E1F7B-793B-4430-8586-7B10FFAED1FC}.Debug|x64.Build.0 = Debug|Any CPU
		{B97E1F7B-793B-4430-8586-7B10FFAED1FC}.Debug|x86.ActiveCfg = Debug|Any CPU
		{B97E1F7B-793B-4430-8586-7B10FFAED1FC}.Debug|x86.Build.0 = Debug|Any CPU
		{B97E1F7B-793B-4430-8586-7B10FFAED1FC}.Release|Any CPU.ActiveCfg = Release|Any CPU
		{B97E1F7B-793B-4430-8586-7B10FFAED1FC}.Release|Any CPU.Build.0 = Release|Any CPU
		{B97E1F7B-793B-4430-8586-7B10FFAED1FC}.Release|x64.ActiveCfg = Release|Any CPU
		{B97E1F7B-793B-4430-8586-7B10FFAED1FC}.Release|x64.Build.0 = Release|Any CPU
		{B97E1F7B-793B-4430-8586-7B10FFAED1FC}.Release|x86.ActiveCfg = Release|Any CPU
		{B97E1F7B-793B-4430-8586-7B10FFAED1FC}.Release|x86.Build.0 = Release|Any CPU
	EndGlobalSection
	GlobalSection(NestedProjects) = preSolution
		{94760BE3-5885-4DE6-BB50-1E29AA2A0D94} = {955F0178-F23B-42D1-BDAF-6D0A311586FE}
		{B97E1F7B-793B-4430-8586-7B10FFAED1FC} = {955F0178-F23B-42D1-BDAF-6D0A311586FE}
	EndGlobalSection
EndGlobal
